// !$*UTF8*$!
{
	archiveVersion = 1;
	classes = {
	};
	objectVersion = 55;
	objects = {

/* Begin PBXBuildFile section */
		1F4C0A9E28B1B87600A21027 /* DetailViewController.swift in Sources */ = {isa = PBXBuildFile; fileRef = 1F4C0A9D28B1B87600A21027 /* DetailViewController.swift */; };
		1FF7C40328B0246300295DE8 /* AppDelegate.swift in Sources */ = {isa = PBXBuildFile; fileRef = 1FF7C40228B0246300295DE8 /* AppDelegate.swift */; };
		1FF7C40528B0246300295DE8 /* SceneDelegate.swift in Sources */ = {isa = PBXBuildFile; fileRef = 1FF7C40428B0246300295DE8 /* SceneDelegate.swift */; };
		1FF7C40728B0246300295DE8 /* ViewController.swift in Sources */ = {isa = PBXBuildFile; fileRef = 1FF7C40628B0246300295DE8 /* ViewController.swift */; };
		1FF7C40A28B0246300295DE8 /* Main.storyboard in Resources */ = {isa = PBXBuildFile; fileRef = 1FF7C40828B0246300295DE8 /* Main.storyboard */; };
		1FF7C40C28B0246700295DE8 /* Assets.xcassets in Resources */ = {isa = PBXBuildFile; fileRef = 1FF7C40B28B0246700295DE8 /* Assets.xcassets */; };
		1FF7C40F28B0246700295DE8 /* LaunchScreen.storyboard in Resources */ = {isa = PBXBuildFile; fileRef = 1FF7C40D28B0246700295DE8 /* LaunchScreen.storyboard */; };
		1FF7C42428B077AA00295DE8 /* nssl0049.jpg in Resources */ = {isa = PBXBuildFile; fileRef = 1FF7C41A28B077AA00295DE8 /* nssl0049.jpg */; };
		1FF7C42528B077AA00295DE8 /* nssl0046.jpg in Resources */ = {isa = PBXBuildFile; fileRef = 1FF7C41B28B077AA00295DE8 /* nssl0046.jpg */; };
		1FF7C42628B077AA00295DE8 /* nssl0091.jpg in Resources */ = {isa = PBXBuildFile; fileRef = 1FF7C41C28B077AA00295DE8 /* nssl0091.jpg */; };
		1FF7C42728B077AA00295DE8 /* nssl0045.jpg in Resources */ = {isa = PBXBuildFile; fileRef = 1FF7C41D28B077AA00295DE8 /* nssl0045.jpg */; };
		1FF7C42828B077AA00295DE8 /* nssl0051.jpg in Resources */ = {isa = PBXBuildFile; fileRef = 1FF7C41E28B077AA00295DE8 /* nssl0051.jpg */; };
		1FF7C42928B077AA00295DE8 /* nssl0041.jpg in Resources */ = {isa = PBXBuildFile; fileRef = 1FF7C41F28B077AA00295DE8 /* nssl0041.jpg */; };
		1FF7C42A28B077AA00295DE8 /* nssl0042.jpg in Resources */ = {isa = PBXBuildFile; fileRef = 1FF7C42028B077AA00295DE8 /* nssl0042.jpg */; };
		1FF7C42B28B077AA00295DE8 /* nssl0043.jpg in Resources */ = {isa = PBXBuildFile; fileRef = 1FF7C42128B077AA00295DE8 /* nssl0043.jpg */; };
		1FF7C42C28B077AA00295DE8 /* nssl0033.jpg in Resources */ = {isa = PBXBuildFile; fileRef = 1FF7C42228B077AA00295DE8 /* nssl0033.jpg */; };
		1FF7C42D28B077AA00295DE8 /* nssl0034.jpg in Resources */ = {isa = PBXBuildFile; fileRef = 1FF7C42328B077AA00295DE8 /* nssl0034.jpg */; };
/* End PBXBuildFile section */

/* Begin PBXFileReference section */
		1F4C0A9D28B1B87600A21027 /* DetailViewController.swift */ = {isa = PBXFileReference; lastKnownFileType = sourcecode.swift; path = DetailViewController.swift; sourceTree = "<group>"; };
		1FF7C3FF28B0246300295DE8 /* ProjectOne.app */ = {isa = PBXFileReference; explicitFileType = wrapper.application; includeInIndex = 0; path = ProjectOne.app; sourceTree = BUILT_PRODUCTS_DIR; };
		1FF7C40228B0246300295DE8 /* AppDelegate.swift */ = {isa = PBXFileReference; lastKnownFileType = sourcecode.swift; path = AppDelegate.swift; sourceTree = "<group>"; };
		1FF7C40428B0246300295DE8 /* SceneDelegate.swift */ = {isa = PBXFileReference; lastKnownFileType = sourcecode.swift; path = SceneDelegate.swift; sourceTree = "<group>"; };
		1FF7C40628B0246300295DE8 /* ViewController.swift */ = {isa = PBXFileReference; lastKnownFileType = sourcecode.swift; path = ViewController.swift; sourceTree = "<group>"; };
		1FF7C40928B0246300295DE8 /* Base */ = {isa = PBXFileReference; lastKnownFileType = file.storyboard; name = Base; path = Base.lproj/Main.storyboard; sourceTree = "<group>"; };
		1FF7C40B28B0246700295DE8 /* Assets.xcassets */ = {isa = PBXFileReference; lastKnownFileType = folder.assetcatalog; path = Assets.xcassets; sourceTree = "<group>"; };
		1FF7C40E28B0246700295DE8 /* Base */ = {isa = PBXFileReference; lastKnownFileType = file.storyboard; name = Base; path = Base.lproj/LaunchScreen.storyboard; sourceTree = "<group>"; };
		1FF7C41028B0246700295DE8 /* Info.plist */ = {isa = PBXFileReference; lastKnownFileType = text.plist.xml; path = Info.plist; sourceTree = "<group>"; };
		1FF7C41A28B077AA00295DE8 /* nssl0049.jpg */ = {isa = PBXFileReference; lastKnownFileType = image.jpeg; path = nssl0049.jpg; sourceTree = "<group>"; };
		1FF7C41B28B077AA00295DE8 /* nssl0046.jpg */ = {isa = PBXFileReference; lastKnownFileType = image.jpeg; path = nssl0046.jpg; sourceTree = "<group>"; };
		1FF7C41C28B077AA00295DE8 /* nssl0091.jpg */ = {isa = PBXFileReference; lastKnownFileType = image.jpeg; path = nssl0091.jpg; sourceTree = "<group>"; };
		1FF7C41D28B077AA00295DE8 /* nssl0045.jpg */ = {isa = PBXFileReference; lastKnownFileType = image.jpeg; path = nssl0045.jpg; sourceTree = "<group>"; };
		1FF7C41E28B077AA00295DE8 /* nssl0051.jpg */ = {isa = PBXFileReference; lastKnownFileType = image.jpeg; path = nssl0051.jpg; sourceTree = "<group>"; };
		1FF7C41F28B077AA00295DE8 /* nssl0041.jpg */ = {isa = PBXFileReference; lastKnownFileType = image.jpeg; path = nssl0041.jpg; sourceTree = "<group>"; };
		1FF7C42028B077AA00295DE8 /* nssl0042.jpg */ = {isa = PBXFileReference; lastKnownFileType = image.jpeg; path = nssl0042.jpg; sourceTree = "<group>"; };
		1FF7C42128B077AA00295DE8 /* nssl0043.jpg */ = {isa = PBXFileReference; lastKnownFileType = image.jpeg; path = nssl0043.jpg; sourceTree = "<group>"; };
		1FF7C42228B077AA00295DE8 /* nssl0033.jpg */ = {isa = PBXFileReference; lastKnownFileType = image.jpeg; path = nssl0033.jpg; sourceTree = "<group>"; };
		1FF7C42328B077AA00295DE8 /* nssl0034.jpg */ = {isa = PBXFileReference; lastKnownFileType = image.jpeg; path = nssl0034.jpg; sourceTree = "<group>"; };
/* End PBXFileReference section */

/* Begin PBXFrameworksBuildPhase section */
		1FF7C3FC28B0246300295DE8 /* Frameworks */ = {
			isa = PBXFrameworksBuildPhase;
			buildActionMask = 2147483647;
			files = (
			);
			runOnlyForDeploymentPostprocessing = 0;
		};
/* End PBXFrameworksBuildPhase section */

/* Begin PBXGroup section */
		1FF7C3F628B0246300295DE8 = {
			isa = PBXGroup;
			children = (
				1FF7C40128B0246300295DE8 /* ProjectOne */,
				1FF7C40028B0246300295DE8 /* Products */,
			);
			sourceTree = "<group>";
		};
		1FF7C40028B0246300295DE8 /* Products */ = {
			isa = PBXGroup;
			children = (
				1FF7C3FF28B0246300295DE8 /* ProjectOne.app */,
			);
			name = Products;
			sourceTree = "<group>";
		};
		1FF7C40128B0246300295DE8 /* ProjectOne */ = {
			isa = PBXGroup;
			children = (
				1FF7C40228B0246300295DE8 /* AppDelegate.swift */,
				1FF7C40428B0246300295DE8 /* SceneDelegate.swift */,
				1FF7C40628B0246300295DE8 /* ViewController.swift */,
				1F4C0A9D28B1B87600A21027 /* DetailViewController.swift */,
				1FF7C40828B0246300295DE8 /* Main.storyboard */,
				1FF7C40B28B0246700295DE8 /* Assets.xcassets */,
				1FF7C40D28B0246700295DE8 /* LaunchScreen.storyboard */,
				1FF7C41028B0246700295DE8 /* Info.plist */,
				1FF7C41928B077AA00295DE8 /* Content */,
			);
			path = ProjectOne;
			sourceTree = "<group>";
		};
		1FF7C41928B077AA00295DE8 /* Content */ = {
			isa = PBXGroup;
			children = (
				1FF7C41A28B077AA00295DE8 /* nssl0049.jpg */,
				1FF7C41B28B077AA00295DE8 /* nssl0046.jpg */,
				1FF7C41C28B077AA00295DE8 /* nssl0091.jpg */,
				1FF7C41D28B077AA00295DE8 /* nssl0045.jpg */,
				1FF7C41E28B077AA00295DE8 /* nssl0051.jpg */,
				1FF7C41F28B077AA00295DE8 /* nssl0041.jpg */,
				1FF7C42028B077AA00295DE8 /* nssl0042.jpg */,
				1FF7C42128B077AA00295DE8 /* nssl0043.jpg */,
				1FF7C42228B077AA00295DE8 /* nssl0033.jpg */,
				1FF7C42328B077AA00295DE8 /* nssl0034.jpg */,
			);
			path = Content;
			sourceTree = "<group>";
		};
/* End PBXGroup section */

/* Begin PBXNativeTarget section */
		1FF7C3FE28B0246300295DE8 /* ProjectOne */ = {
			isa = PBXNativeTarget;
			buildConfigurationList = 1FF7C41328B0246700295DE8 /* Build configuration list for PBXNativeTarget "ProjectOne" */;
			buildPhases = (
				1FF7C3FB28B0246300295DE8 /* Sources */,
				1FF7C3FC28B0246300295DE8 /* Frameworks */,
				1FF7C3FD28B0246300295DE8 /* Resources */,
			);
			buildRules = (
			);
			dependencies = (
			);
			name = ProjectOne;
			productName = ProjectOne;
			productReference = 1FF7C3FF28B0246300295DE8 /* ProjectOne.app */;
			productType = "com.apple.product-type.application";
		};
/* End PBXNativeTarget section */

/* Begin PBXProject section */
		1FF7C3F728B0246300295DE8 /* Project object */ = {
			isa = PBXProject;
			attributes = {
				BuildIndependentTargetsInParallel = 1;
				LastSwiftUpdateCheck = 1340;
				LastUpgradeCheck = 1340;
				TargetAttributes = {
					1FF7C3FE28B0246300295DE8 = {
						CreatedOnToolsVersion = 13.4.1;
					};
				};
			};
			buildConfigurationList = 1FF7C3FA28B0246300295DE8 /* Build configuration list for PBXProject "ProjectOne" */;
			compatibilityVersion = "Xcode 13.0";
			developmentRegion = en;
			hasScannedForEncodings = 0;
			knownRegions = (
				en,
				Base,
			);
			mainGroup = 1FF7C3F628B0246300295DE8;
			productRefGroup = 1FF7C40028B0246300295DE8 /* Products */;
			projectDirPath = "";
			projectRoot = "";
			targets = (
				1FF7C3FE28B0246300295DE8 /* ProjectOne */,
			);
		};
/* End PBXProject section */

/* Begin PBXResourcesBuildPhase section */
		1FF7C3FD28B0246300295DE8 /* Resources */ = {
			isa = PBXResourcesBuildPhase;
			buildActionMask = 2147483647;
			files = (
				1FF7C42528B077AA00295DE8 /* nssl0046.jpg in Resources */,
				1FF7C42C28B077AA00295DE8 /* nssl0033.jpg in Resources */,
				1FF7C42828B077AA00295DE8 /* nssl0051.jpg in Resources */,
				1FF7C42628B077AA00295DE8 /* nssl0091.jpg in Resources */,
				1FF7C42B28B077AA00295DE8 /* nssl0043.jpg in Resources */,
				1FF7C42D28B077AA00295DE8 /* nssl0034.jpg in Resources */,
				1FF7C42428B077AA00295DE8 /* nssl0049.jpg in Resources */,
				1FF7C42928B077AA00295DE8 /* nssl0041.jpg in Resources */,
				1FF7C42A28B077AA00295DE8 /* nssl0042.jpg in Resources */,
				1FF7C40F28B0246700295DE8 /* LaunchScreen.storyboard in Resources */,
				1FF7C40C28B0246700295DE8 /* Assets.xcassets in Resources */,
				1FF7C42728B077AA00295DE8 /* nssl0045.jpg in Resources */,
				1FF7C40A28B0246300295DE8 /* Main.storyboard in Resources */,
			);
			runOnlyForDeploymentPostprocessing = 0;
		};
/* End PBXResourcesBuildPhase section */

/* Begin PBXSourcesBuildPhase section */
		1FF7C3FB28B0246300295DE8 /* Sources */ = {
			isa = PBXSourcesBuildPhase;
			buildActionMask = 2147483647;
			files = (
				1FF7C40728B0246300295DE8 /* ViewController.swift in Sources */,
				1FF7C40328B0246300295DE8 /* AppDelegate.swift in Sources */,
				1FF7C40528B0246300295DE8 /* SceneDelegate.swift in Sources */,
				1F4C0A9E28B1B87600A21027 /* DetailViewController.swift in Sources */,
			);
			runOnlyForDeploymentPostprocessing = 0;
		};
/* End PBXSourcesBuildPhase section */

/* Begin PBXVariantGroup section */
		1FF7C40828B0246300295DE8 /* Main.storyboard */ = {
			isa = PBXVariantGroup;
			children = (
				1FF7C40928B0246300295DE8 /* Base */,
			);
			name = Main.storyboard;
			sourceTree = "<group>";
		};
		1FF7C40D28B0246700295DE8 /* LaunchScreen.storyboard */ = {
			isa = PBXVariantGroup;
			children = (
				1FF7C40E28B0246700295DE8 /* Base */,
			);
			name = LaunchScreen.storyboard;
			sourceTree = "<group>";
		};
/* End PBXVariantGroup section */

/* Begin XCBuildConfiguration section */
		1FF7C41128B0246700295DE8 /* Debug */ = {
			isa = XCBuildConfiguration;
			buildSettings = {
				ALWAYS_SEARCH_USER_PATHS = NO;
				CLANG_ANALYZER_NONNULL = YES;
				CLANG_ANALYZER_NUMBER_OBJECT_CONVERSION = YES_AGGRESSIVE;
				CLANG_CXX_LANGUAGE_STANDARD = "gnu++17";
				CLANG_ENABLE_MODULES = YES;
				CLANG_ENABLE_OBJC_ARC = YES;
				CLANG_ENABLE_OBJC_WEAK = YES;
				CLANG_WARN_BLOCK_CAPTURE_AUTORELEASING = YES;
				CLANG_WARN_BOOL_CONVERSION = YES;
				CLANG_WARN_COMMA = YES;
				CLANG_WARN_CONSTANT_CONVERSION = YES;
				CLANG_WARN_DEPRECATED_OBJC_IMPLEMENTATIONS = YES;
				CLANG_WARN_DIRECT_OBJC_ISA_USAGE = YES_ERROR;
				CLANG_WARN_DOCUMENTATION_COMMENTS = YES;
				CLANG_WARN_EMPTY_BODY = YES;
				CLANG_WARN_ENUM_CONVERSION = YES;
				CLANG_WARN_INFINITE_RECURSION = YES;
				CLANG_WARN_INT_CONVERSION = YES;
				CLANG_WARN_NON_LITERAL_NULL_CONVERSION = YES;
				CLANG_WARN_OBJC_IMPLICIT_RETAIN_SELF = YES;
				CLANG_WARN_OBJC_LITERAL_CONVERSION = YES;
				CLANG_WARN_OBJC_ROOT_CLASS = YES_ERROR;
				CLANG_WARN_QUOTED_INCLUDE_IN_FRAMEWORK_HEADER = YES;
				CLANG_WARN_RANGE_LOOP_ANALYSIS = YES;
				CLANG_WARN_STRICT_PROTOTYPES = YES;
				CLANG_WARN_SUSPICIOUS_MOVE = YES;
				CLANG_WARN_UNGUARDED_AVAILABILITY = YES_AGGRESSIVE;
				CLANG_WARN_UNREACHABLE_CODE = YES;
				CLANG_WARN__DUPLICATE_METHOD_MATCH = YES;
				COPY_PHASE_STRIP = NO;
				DEBUG_INFORMATION_FORMAT = dwarf;
				ENABLE_STRICT_OBJC_MSGSEND = YES;
				ENABLE_TESTABILITY = YES;
				GCC_C_LANGUAGE_STANDARD = gnu11;
				GCC_DYNAMIC_NO_PIC = NO;
				GCC_NO_COMMON_BLOCKS = YES;
				GCC_OPTIMIZATION_LEVEL = 0;
				GCC_PREPROCESSOR_DEFINITIONS = (
					"DEBUG=1",
					"$(inherited)",
				);
				GCC_WARN_64_TO_32_BIT_CONVERSION = YES;
				GCC_WARN_ABOUT_RETURN_TYPE = YES_ERROR;
				GCC_WARN_UNDECLARED_SELECTOR = YES;
				GCC_WARN_UNINITIALIZED_AUTOS = YES_AGGRESSIVE;
				GCC_WARN_UNUSED_FUNCTION = YES;
				GCC_WARN_UNUSED_VARIABLE = YES;
				IPHONEOS_DEPLOYMENT_TARGET = 13.0;
				MTL_ENABLE_DEBUG_INFO = INCLUDE_SOURCE;
				MTL_FAST_MATH = YES;
				ONLY_ACTIVE_ARCH = YES;
				SDKROOT = iphoneos;
				SWIFT_ACTIVE_COMPILATION_CONDITIONS = DEBUG;
				SWIFT_OPTIMIZATION_LEVEL = "-Onone";
			};
			name = Debug;
		};
		1FF7C41228B0246700295DE8 /* Release */ = {
			isa = XCBuildConfiguration;
			buildSettings = {
				ALWAYS_SEARCH_USER_PATHS = NO;
				CLANG_ANALYZER_NONNULL = YES;
				CLANG_ANALYZER_NUMBER_OBJECT_CONVERSION = YES_AGGRESSIVE;
				CLANG_CXX_LANGUAGE_STANDARD = "gnu++17";
				CLANG_ENABLE_MODULES = YES;
				CLANG_ENABLE_OBJC_ARC = YES;
				CLANG_ENABLE_OBJC_WEAK = YES;
				CLANG_WARN_BLOCK_CAPTURE_AUTORELEASING = YES;
				CLANG_WARN_BOOL_CONVERSION = YES;
				CLANG_WARN_COMMA = YES;
				CLANG_WARN_CONSTANT_CONVERSION = YES;
				CLANG_WARN_DEPRECATED_OBJC_IMPLEMENTATIONS = YES;
				CLANG_WARN_DIRECT_OBJC_ISA_USAGE = YES_ERROR;
				CLANG_WARN_DOCUMENTATION_COMMENTS = YES;
				CLANG_WARN_EMPTY_BODY = YES;
				CLANG_WARN_ENUM_CONVERSION = YES;
				CLANG_WARN_INFINITE_RECURSION = YES;
				CLANG_WARN_INT_CONVERSION = YES;
				CLANG_WARN_NON_LITERAL_NULL_CONVERSION = YES;
				CLANG_WARN_OBJC_IMPLICIT_RETAIN_SELF = YES;
				CLANG_WARN_OBJC_LITERAL_CONVERSION = YES;
				CLANG_WARN_OBJC_ROOT_CLASS = YES_ERROR;
				CLANG_WARN_QUOTED_INCLUDE_IN_FRAMEWORK_HEADER = YES;
				CLANG_WARN_RANGE_LOOP_ANALYSIS = YES;
				CLANG_WARN_STRICT_PROTOTYPES = YES;
				CLANG_WARN_SUSPICIOUS_MOVE = YES;
				CLANG_WARN_UNGUARDED_AVAILABILITY = YES_AGGRESSIVE;
				CLANG_WARN_UNREACHABLE_CODE = YES;
				CLANG_WARN__DUPLICATE_METHOD_MATCH = YES;
				COPY_PHASE_STRIP = NO;
				DEBUG_INFORMATION_FORMAT = "dwarf-with-dsym";
				ENABLE_NS_ASSERTIONS = NO;
				ENABLE_STRICT_OBJC_MSGSEND = YES;
				GCC_C_LANGUAGE_STANDARD = gnu11;
				GCC_NO_COMMON_BLOCKS = YES;
				GCC_WARN_64_TO_32_BIT_CONVERSION = YES;
				GCC_WARN_ABOUT_RETURN_TYPE = YES_ERROR;
				GCC_WARN_UNDECLARED_SELECTOR = YES;
				GCC_WARN_UNINITIALIZED_AUTOS = YES_AGGRESSIVE;
				GCC_WARN_UNUSED_FUNCTION = YES;
				GCC_WARN_UNUSED_VARIABLE = YES;
				IPHONEOS_DEPLOYMENT_TARGET = 13.0;
				MTL_ENABLE_DEBUG_INFO = NO;
				MTL_FAST_MATH = YES;
				SDKROOT = iphoneos;
				SWIFT_COMPILATION_MODE = wholemodule;
				SWIFT_OPTIMIZATION_LEVEL = "-O";
				VALIDATE_PRODUCT = YES;
			};
			name = Release;
		};
		1FF7C41428B0246700295DE8 /* Debug */ = {
			isa = XCBuildConfiguration;
			buildSettings = {
				ASSETCATALOG_COMPILER_APPICON_NAME = AppIcon;
				ASSETCATALOG_COMPILER_GLOBAL_ACCENT_COLOR_NAME = AccentColor;
				CODE_SIGN_STYLE = Automatic;
				CURRENT_PROJECT_VERSION = 1;
				DEVELOPMENT_TEAM = D33U6892X6;
				GENERATE_INFOPLIST_FILE = YES;
				INFOPLIST_FILE = ProjectOne/Info.plist;
				INFOPLIST_KEY_UIApplicationSupportsIndirectInputEvents = YES;
				INFOPLIST_KEY_UILaunchStoryboardName = LaunchScreen;
				INFOPLIST_KEY_UIMainStoryboardFile = Main;
				INFOPLIST_KEY_UISupportedInterfaceOrientations_iPad = "UIInterfaceOrientationPortrait UIInterfaceOrientationPortraitUpsideDown UIInterfaceOrientationLandscapeLeft UIInterfaceOrientationLandscapeRight";
				INFOPLIST_KEY_UISupportedInterfaceOrientations_iPhone = "UIInterfaceOrientationPortrait UIInterfaceOrientationLandscapeLeft UIInterfaceOrientationLandscapeRight";
				IPHONEOS_DEPLOYMENT_TARGET = 13.0;
				LD_RUNPATH_SEARCH_PATHS = (
					"$(inherited)",
					"@executable_path/Frameworks",
				);
				MARKETING_VERSION = 1.0;
				PRODUCT_BUNDLE_IDENTIFIER = com.rami.ProjectOne;
				PRODUCT_NAME = "$(TARGET_NAME)";
				SWIFT_EMIT_LOC_STRINGS = YES;
				SWIFT_VERSION = 5.0;
				TARGETED_DEVICE_FAMILY = "1,2";
			};
			name = Debug;
		};
		1FF7C41528B0246700295DE8 /* Release */ = {
			isa = XCBuildConfiguration;
			buildSettings = {
				ASSETCATALOG_COMPILER_APPICON_NAME = AppIcon;
				ASSETCATALOG_COMPILER_GLOBAL_ACCENT_COLOR_NAME = AccentColor;
				CODE_SIGN_STYLE = Automatic;
				CURRENT_PROJECT_VERSION = 1;
				DEVELOPMENT_TEAM = D33U6892X6;
				GENERATE_INFOPLIST_FILE = YES;
				INFOPLIST_FILE = ProjectOne/Info.plist;
				INFOPLIST_KEY_UIApplicationSupportsIndirectInputEvents = YES;
				INFOPLIST_KEY_UILaunchStoryboardName = LaunchScreen;
				INFOPLIST_KEY_UIMainStoryboardFile = Main;
				INFOPLIST_KEY_UISupportedInterfaceOrientations_iPad = "UIInterfaceOrientationPortrait UIInterfaceOrientationPortraitUpsideDown UIInterfaceOrientationLandscapeLeft UIInterfaceOrientationLandscapeRight";
				INFOPLIST_KEY_UISupportedInterfaceOrientations_iPhone = "UIInterfaceOrientationPortrait UIInterfaceOrientationLandscapeLeft UIInterfaceOrientationLandscapeRight";
				IPHONEOS_DEPLOYMENT_TARGET = 13.0;
				LD_RUNPATH_SEARCH_PATHS = (
					"$(inherited)",
					"@executable_path/Frameworks",
				);
				MARKETING_VERSION = 1.0;
				PRODUCT_BUNDLE_IDENTIFIER = com.rami.ProjectOne;
				PRODUCT_NAME = "$(TARGET_NAME)";
				SWIFT_EMIT_LOC_STRINGS = YES;
				SWIFT_VERSION = 5.0;
				TARGETED_DEVICE_FAMILY = "1,2";
			};
			name = Release;
		};
/* End XCBuildConfiguration section */

/* Begin XCConfigurationList section */
		1FF7C3FA28B0246300295DE8 /* Build configuration list for PBXProject "ProjectOne" */ = {
			isa = XCConfigurationList;
			buildConfigurations = (
				1FF7C41128B0246700295DE8 /* Debug */,
				1FF7C41228B0246700295DE8 /* Release */,
			);
			defaultConfigurationIsVisible = 0;
			defaultConfigurationName = Release;
		};
		1FF7C41328B0246700295DE8 /* Build configuration list for PBXNativeTarget "ProjectOne" */ = {
			isa = XCConfigurationList;
			buildConfigurations = (
				1FF7C41428B0246700295DE8 /* Debug */,
				1FF7C41528B0246700295DE8 /* Release */,
			);
			defaultConfigurationIsVisible = 0;
			defaultConfigurationName = Release;
		};
/* End XCConfigurationList section */
	};
	rootObject = 1FF7C3F728B0246300295DE8 /* Project object */;
}
